
Microsoft Visual Studio Solution File, Format Version 12.00
Project("{FAE04EC0-301F-11D3-BF4B-00C04F79EFBC}") = "RSA_bis", "RSA_bis\RSA_bis.csproj", "{D8B2D807-E6D3-4F19-9F82-B634FCDFCD99}"
EndProject
Global
	GlobalSection(SolutionConfigurationPlatforms) = preSolution
		Debug|Any CPU = Debug|Any CPU
		Release|Any CPU = Release|Any CPU
	EndGlobalSection
	GlobalSection(ProjectConfigurationPlatforms) = postSolution
		{D8B2D807-E6D3-4F19-9F82-B634FCDFCD99}.Debug|Any CPU.ActiveCfg = Debug|Any CPU
		{D8B2D807-E6D3-4F19-9F82-B634FCDFCD99}.Debug|Any CPU.Build.0 = Debug|Any CPU
		{D8B2D807-E6D3-4F19-9F82-B634FCDFCD99}.Release|Any CPU.ActiveCfg = Release|Any CPU
		{D8B2D807-E6D3-4F19-9F82-B634FCDFCD99}.Release|Any CPU.Build.0 = Release|Any CPU
	EndGlobalSection
EndGlobal
